
Microsoft Visual Studio Solution File, Format Version 12.00
# Visual Studio 15
VisualStudioVersion = 15.0.28307.705
MinimumVisualStudioVersion = 10.0.40219.1
Project("{FAE04EC0-301F-11D3-BF4B-00C04F79EFBC}") = "Week3_Day2_Dictionary_Hash_Table", "Week3_Day2_Dictionary_Hash_Table\Week3_Day2_Dictionary_Hash_Table.csproj", "{6542A802-CDA5-4E57-8C22-88F335A5A5DB}"
EndProject
Global
	GlobalSection(SolutionConfigurationPlatforms) = preSolution
		Debug|Any CPU = Debug|Any CPU
		Release|Any CPU = Release|Any CPU
	EndGlobalSection
	GlobalSection(ProjectConfigurationPlatforms) = postSolution
		{6542A802-CDA5-4E57-8C22-88F335A5A5DB}.Debug|Any CPU.ActiveCfg = Debug|Any CPU
		{6542A802-CDA5-4E57-8C22-88F335A5A5DB}.Debug|Any CPU.Build.0 = Debug|Any CPU
		{6542A802-CDA5-4E57-8C22-88F335A5A5DB}.Release|Any CPU.ActiveCfg = Release|Any CPU
		{6542A802-CDA5-4E57-8C22-88F335A5A5DB}.Release|Any CPU.Build.0 = Release|Any CPU
	EndGlobalSection
	GlobalSection(SolutionProperties) = preSolution
		HideSolutionNode = FALSE
	EndGlobalSection
	GlobalSection(ExtensibilityGlobals) = postSolution
		SolutionGuid = {AEE1366E-254F-4B79-BFFC-9B22392C217F}
	EndGlobalSection
EndGlobal
