
Microsoft Visual Studio Solution File, Format Version 12.00
# Visual Studio 15
VisualStudioVersion = 15.0.28307.705
MinimumVisualStudioVersion = 10.0.40219.1
Project("{FAE04EC0-301F-11D3-BF4B-00C04F79EFBC}") = "Queue", "Queue_Stack\Queue.csproj", "{B32C4546-F970-44B3-BB9E-0F07C7B948BF}"
EndProject
Project("{FAE04EC0-301F-11D3-BF4B-00C04F79EFBC}") = "Stack", "Stack\Stack.csproj", "{3336A876-797A-47B2-BB78-ADB47F8B84AF}"
EndProject
Global
	GlobalSection(SolutionConfigurationPlatforms) = preSolution
		Debug|Any CPU = Debug|Any CPU
		Release|Any CPU = Release|Any CPU
	EndGlobalSection
	GlobalSection(ProjectConfigurationPlatforms) = postSolution
		{B32C4546-F970-44B3-BB9E-0F07C7B948BF}.Debug|Any CPU.ActiveCfg = Debug|Any CPU
		{B32C4546-F970-44B3-BB9E-0F07C7B948BF}.Debug|Any CPU.Build.0 = Debug|Any CPU
		{B32C4546-F970-44B3-BB9E-0F07C7B948BF}.Release|Any CPU.ActiveCfg = Release|Any CPU
		{B32C4546-F970-44B3-BB9E-0F07C7B948BF}.Release|Any CPU.Build.0 = Release|Any CPU
		{3336A876-797A-47B2-BB78-ADB47F8B84AF}.Debug|Any CPU.ActiveCfg = Debug|Any CPU
		{3336A876-797A-47B2-BB78-ADB47F8B84AF}.Debug|Any CPU.Build.0 = Debug|Any CPU
		{3336A876-797A-47B2-BB78-ADB47F8B84AF}.Release|Any CPU.ActiveCfg = Release|Any CPU
		{3336A876-797A-47B2-BB78-ADB47F8B84AF}.Release|Any CPU.Build.0 = Release|Any CPU
	EndGlobalSection
	GlobalSection(SolutionProperties) = preSolution
		HideSolutionNode = FALSE
	EndGlobalSection
	GlobalSection(ExtensibilityGlobals) = postSolution
		SolutionGuid = {A4C1EB66-8453-464C-9F83-0A64ED2C2592}
	EndGlobalSection
EndGlobal
